// !$*UTF8*$!
{
	archiveVersion = 1;
	classes = {
	};
	objectVersion = 55;
	objects = {

/* Begin PBXBuildFile section */
		AB356C322866128C00D2D0C9 /* AppDelegate.swift in Sources */ = {isa = PBXBuildFile; fileRef = AB356C312866128C00D2D0C9 /* AppDelegate.swift */; };
		AB356C342866128C00D2D0C9 /* SceneDelegate.swift in Sources */ = {isa = PBXBuildFile; fileRef = AB356C332866128C00D2D0C9 /* SceneDelegate.swift */; };
		AB356C362866128C00D2D0C9 /* ViewController.swift in Sources */ = {isa = PBXBuildFile; fileRef = AB356C352866128C00D2D0C9 /* ViewController.swift */; };
		AB356C392866128C00D2D0C9 /* Main.storyboard in Resources */ = {isa = PBXBuildFile; fileRef = AB356C372866128C00D2D0C9 /* Main.storyboard */; };
		AB356C3C2866128C00D2D0C9 /* mini.xcdatamodeld in Sources */ = {isa = PBXBuildFile; fileRef = AB356C3A2866128C00D2D0C9 /* mini.xcdatamodeld */; };
		AB356C3E2866128D00D2D0C9 /* Assets.xcassets in Resources */ = {isa = PBXBuildFile; fileRef = AB356C3D2866128D00D2D0C9 /* Assets.xcassets */; };
		AB356C412866128D00D2D0C9 /* LaunchScreen.storyboard in Resources */ = {isa = PBXBuildFile; fileRef = AB356C3F2866128D00D2D0C9 /* LaunchScreen.storyboard */; };
		AB356C4C2866128D00D2D0C9 /* miniTests.swift in Sources */ = {isa = PBXBuildFile; fileRef = AB356C4B2866128D00D2D0C9 /* miniTests.swift */; };
		AB356C562866128D00D2D0C9 /* miniUITests.swift in Sources */ = {isa = PBXBuildFile; fileRef = AB356C552866128D00D2D0C9 /* miniUITests.swift */; };
		AB356C582866128D00D2D0C9 /* miniUITestsLaunchTests.swift in Sources */ = {isa = PBXBuildFile; fileRef = AB356C572866128D00D2D0C9 /* miniUITestsLaunchTests.swift */; };
/* End PBXBuildFile section */

/* Begin PBXContainerItemProxy section */
		AB356C482866128D00D2D0C9 /* PBXContainerItemProxy */ = {
			isa = PBXContainerItemProxy;
			containerPortal = AB356C262866128C00D2D0C9 /* Project object */;
			proxyType = 1;
			remoteGlobalIDString = AB356C2D2866128C00D2D0C9;
			remoteInfo = mini;
		};
		AB356C522866128D00D2D0C9 /* PBXContainerItemProxy */ = {
			isa = PBXContainerItemProxy;
			containerPortal = AB356C262866128C00D2D0C9 /* Project object */;
			proxyType = 1;
			remoteGlobalIDString = AB356C2D2866128C00D2D0C9;
			remoteInfo = mini;
		};
/* End PBXContainerItemProxy section */

/* Begin PBXFileReference section */
		AB356C2E2866128C00D2D0C9 /* mini.app */ = {isa = PBXFileReference; explicitFileType = wrapper.application; includeInIndex = 0; path = mini.app; sourceTree = BUILT_PRODUCTS_DIR; };
		AB356C312866128C00D2D0C9 /* AppDelegate.swift */ = {isa = PBXFileReference; lastKnownFileType = sourcecode.swift; path = AppDelegate.swift; sourceTree = "<group>"; };
		AB356C332866128C00D2D0C9 /* SceneDelegate.swift */ = {isa = PBXFileReference; lastKnownFileType = sourcecode.swift; path = SceneDelegate.swift; sourceTree = "<group>"; };
		AB356C352866128C00D2D0C9 /* ViewController.swift */ = {isa = PBXFileReference; lastKnownFileType = sourcecode.swift; path = ViewController.swift; sourceTree = "<group>"; };
		AB356C382866128C00D2D0C9 /* Base */ = {isa = PBXFileReference; lastKnownFileType = file.storyboard; name = Base; path = Base.lproj/Main.storyboard; sourceTree = "<group>"; };
		AB356C3B2866128C00D2D0C9 /* mini.xcdatamodel */ = {isa = PBXFileReference; lastKnownFileType = wrapper.xcdatamodel; path = mini.xcdatamodel; sourceTree = "<group>"; };
		AB356C3D2866128D00D2D0C9 /* Assets.xcassets */ = {isa = PBXFileReference; lastKnownFileType = folder.assetcatalog; path = Assets.xcassets; sourceTree = "<group>"; };
		AB356C402866128D00D2D0C9 /* Base */ = {isa = PBXFileReference; lastKnownFileType = file.storyboard; name = Base; path = Base.lproj/LaunchScreen.storyboard; sourceTree = "<group>"; };
		AB356C422866128D00D2D0C9 /* Info.plist */ = {isa = PBXFileReference; lastKnownFileType = text.plist.xml; path = Info.plist; sourceTree = "<group>"; };
		AB356C472866128D00D2D0C9 /* miniTests.xctest */ = {isa = PBXFileReference; explicitFileType = wrapper.cfbundle; includeInIndex = 0; path = miniTests.xctest; sourceTree = BUILT_PRODUCTS_DIR; };
		AB356C4B2866128D00D2D0C9 /* miniTests.swift */ = {isa = PBXFileReference; lastKnownFileType = sourcecode.swift; path = miniTests.swift; sourceTree = "<group>"; };
		AB356C512866128D00D2D0C9 /* miniUITests.xctest */ = {isa = PBXFileReference; explicitFileType = wrapper.cfbundle; includeInIndex = 0; path = miniUITests.xctest; sourceTree = BUILT_PRODUCTS_DIR; };
		AB356C552866128D00D2D0C9 /* miniUITests.swift */ = {isa = PBXFileReference; lastKnownFileType = sourcecode.swift; path = miniUITests.swift; sourceTree = "<group>"; };
		AB356C572866128D00D2D0C9 /* miniUITestsLaunchTests.swift */ = {isa = PBXFileReference; lastKnownFileType = sourcecode.swift; path = miniUITestsLaunchTests.swift; sourceTree = "<group>"; };
/* End PBXFileReference section */

/* Begin PBXFrameworksBuildPhase section */
		AB356C2B2866128C00D2D0C9 /* Frameworks */ = {
			isa = PBXFrameworksBuildPhase;
			buildActionMask = 2147483647;
			files = (
			);
			runOnlyForDeploymentPostprocessing = 0;
		};
		AB356C442866128D00D2D0C9 /* Frameworks */ = {
			isa = PBXFrameworksBuildPhase;
			buildActionMask = 2147483647;
			files = (
			);
			runOnlyForDeploymentPostprocessing = 0;
		};
		AB356C4E2866128D00D2D0C9 /* Frameworks */ = {
			isa = PBXFrameworksBuildPhase;
			buildActionMask = 2147483647;
			files = (
			);
			runOnlyForDeploymentPostprocessing = 0;
		};
/* End PBXFrameworksBuildPhase section */

/* Begin PBXGroup section */
		AB356C252866128C00D2D0C9 = {
			isa = PBXGroup;
			children = (
				AB356C302866128C00D2D0C9 /* mini */,
				AB356C4A2866128D00D2D0C9 /* miniTests */,
				AB356C542866128D00D2D0C9 /* miniUITests */,
				AB356C2F2866128C00D2D0C9 /* Products */,
			);
			sourceTree = "<group>";
		};
		AB356C2F2866128C00D2D0C9 /* Products */ = {
			isa = PBXGroup;
			children = (
				AB356C2E2866128C00D2D0C9 /* mini.app */,
				AB356C472866128D00D2D0C9 /* miniTests.xctest */,
				AB356C512866128D00D2D0C9 /* miniUITests.xctest */,
			);
			name = Products;
			sourceTree = "<group>";
		};
		AB356C302866128C00D2D0C9 /* mini */ = {
			isa = PBXGroup;
			children = (
				AB356C312866128C00D2D0C9 /* AppDelegate.swift */,
				AB356C332866128C00D2D0C9 /* SceneDelegate.swift */,
				AB356C352866128C00D2D0C9 /* ViewController.swift */,
				AB356C372866128C00D2D0C9 /* Main.storyboard */,
				AB356C3D2866128D00D2D0C9 /* Assets.xcassets */,
				AB356C3F2866128D00D2D0C9 /* LaunchScreen.storyboard */,
				AB356C422866128D00D2D0C9 /* Info.plist */,
				AB356C3A2866128C00D2D0C9 /* mini.xcdatamodeld */,
			);
			path = mini;
			sourceTree = "<group>";
		};
		AB356C4A2866128D00D2D0C9 /* miniTests */ = {
			isa = PBXGroup;
			children = (
				AB356C4B2866128D00D2D0C9 /* miniTests.swift */,
			);
			path = miniTests;
			sourceTree = "<group>";
		};
		AB356C542866128D00D2D0C9 /* miniUITests */ = {
			isa = PBXGroup;
			children = (
				AB356C552866128D00D2D0C9 /* miniUITests.swift */,
				AB356C572866128D00D2D0C9 /* miniUITestsLaunchTests.swift */,
			);
			path = miniUITests;
			sourceTree = "<group>";
		};
/* End PBXGroup section */

/* Begin PBXNativeTarget section */
		AB356C2D2866128C00D2D0C9 /* mini */ = {
			isa = PBXNativeTarget;
			buildConfigurationList = AB356C5B2866128D00D2D0C9 /* Build configuration list for PBXNativeTarget "mini" */;
			buildPhases = (
				AB356C2A2866128C00D2D0C9 /* Sources */,
				AB356C2B2866128C00D2D0C9 /* Frameworks */,
				AB356C2C2866128C00D2D0C9 /* Resources */,
			);
			buildRules = (
			);
			dependencies = (
			);
			name = mini;
			productName = mini;
			productReference = AB356C2E2866128C00D2D0C9 /* mini.app */;
			productType = "com.apple.product-type.application";
		};
		AB356C462866128D00D2D0C9 /* miniTests */ = {
			isa = PBXNativeTarget;
			buildConfigurationList = AB356C5E2866128D00D2D0C9 /* Build configuration list for PBXNativeTarget "miniTests" */;
			buildPhases = (
				AB356C432866128D00D2D0C9 /* Sources */,
				AB356C442866128D00D2D0C9 /* Frameworks */,
				AB356C452866128D00D2D0C9 /* Resources */,
			);
			buildRules = (
			);
			dependencies = (
				AB356C492866128D00D2D0C9 /* PBXTargetDependency */,
			);
			name = miniTests;
			productName = miniTests;
			productReference = AB356C472866128D00D2D0C9 /* miniTests.xctest */;
			productType = "com.apple.product-type.bundle.unit-test";
		};
		AB356C502866128D00D2D0C9 /* miniUITests */ = {
			isa = PBXNativeTarget;
			buildConfigurationList = AB356C612866128D00D2D0C9 /* Build configuration list for PBXNativeTarget "miniUITests" */;
			buildPhases = (
				AB356C4D2866128D00D2D0C9 /* Sources */,
				AB356C4E2866128D00D2D0C9 /* Frameworks */,
				AB356C4F2866128D00D2D0C9 /* Resources */,
			);
			buildRules = (
			);
			dependencies = (
				AB356C532866128D00D2D0C9 /* PBXTargetDependency */,
			);
			name = miniUITests;
			productName = miniUITests;
			productReference = AB356C512866128D00D2D0C9 /* miniUITests.xctest */;
			productType = "com.apple.product-type.bundle.ui-testing";
		};
/* End PBXNativeTarget section */

/* Begin PBXProject section */
		AB356C262866128C00D2D0C9 /* Project object */ = {
			isa = PBXProject;
			attributes = {
				BuildIndependentTargetsInParallel = 1;
				LastSwiftUpdateCheck = 1340;
				LastUpgradeCheck = 1340;
				TargetAttributes = {
					AB356C2D2866128C00D2D0C9 = {
						CreatedOnToolsVersion = 13.4;
					};
					AB356C462866128D00D2D0C9 = {
						CreatedOnToolsVersion = 13.4;
						TestTargetID = AB356C2D2866128C00D2D0C9;
					};
					AB356C502866128D00D2D0C9 = {
						CreatedOnToolsVersion = 13.4;
						TestTargetID = AB356C2D2866128C00D2D0C9;
					};
				};
			};
			buildConfigurationList = AB356C292866128C00D2D0C9 /* Build configuration list for PBXProject "mini" */;
			compatibilityVersion = "Xcode 13.0";
			developmentRegion = en;
			hasScannedForEncodings = 0;
			knownRegions = (
				en,
				Base,
			);
			mainGroup = AB356C252866128C00D2D0C9;
			productRefGroup = AB356C2F2866128C00D2D0C9 /* Products */;
			projectDirPath = "";
			projectRoot = "";
			targets = (
				AB356C2D2866128C00D2D0C9 /* mini */,
				AB356C462866128D00D2D0C9 /* miniTests */,
				AB356C502866128D00D2D0C9 /* miniUITests */,
			);
		};
/* End PBXProject section */

/* Begin PBXResourcesBuildPhase section */
		AB356C2C2866128C00D2D0C9 /* Resources */ = {
			isa = PBXResourcesBuildPhase;
			buildActionMask = 2147483647;
			files = (
				AB356C412866128D00D2D0C9 /* LaunchScreen.storyboard in Resources */,
				AB356C3E2866128D00D2D0C9 /* Assets.xcassets in Resources */,
				AB356C392866128C00D2D0C9 /* Main.storyboard in Resources */,
			);
			runOnlyForDeploymentPostprocessing = 0;
		};
		AB356C452866128D00D2D0C9 /* Resources */ = {
			isa = PBXResourcesBuildPhase;
			buildActionMask = 2147483647;
			files = (
			);
			runOnlyForDeploymentPostprocessing = 0;
		};
		AB356C4F2866128D00D2D0C9 /* Resources */ = {
			isa = PBXResourcesBuildPhase;
			buildActionMask = 2147483647;
			files = (
			);
			runOnlyForDeploymentPostprocessing = 0;
		};
/* End PBXResourcesBuildPhase section */

/* Begin PBXSourcesBuildPhase section */
		AB356C2A2866128C00D2D0C9 /* Sources */ = {
			isa = PBXSourcesBuildPhase;
			buildActionMask = 2147483647;
			files = (
				AB356C362866128C00D2D0C9 /* ViewController.swift in Sources */,
				AB356C322866128C00D2D0C9 /* AppDelegate.swift in Sources */,
				AB356C3C2866128C00D2D0C9 /* mini.xcdatamodeld in Sources */,
				AB356C342866128C00D2D0C9 /* SceneDelegate.swift in Sources */,
			);
			runOnlyForDeploymentPostprocessing = 0;
		};
		AB356C432866128D00D2D0C9 /* Sources */ = {
			isa = PBXSourcesBuildPhase;
			buildActionMask = 2147483647;
			files = (
				AB356C4C2866128D00D2D0C9 /* miniTests.swift in Sources */,
			);
			runOnlyForDeploymentPostprocessing = 0;
		};
		AB356C4D2866128D00D2D0C9 /* Sources */ = {
			isa = PBXSourcesBuildPhase;
			buildActionMask = 2147483647;
			files = (
				AB356C562866128D00D2D0C9 /* miniUITests.swift in Sources */,
				AB356C582866128D00D2D0C9 /* miniUITestsLaunchTests.swift in Sources */,
			);
			runOnlyForDeploymentPostprocessing = 0;
		};
/* End PBXSourcesBuildPhase section */

/* Begin PBXTargetDependency section */
		AB356C492866128D00D2D0C9 /* PBXTargetDependency */ = {
			isa = PBXTargetDependency;
			target = AB356C2D2866128C00D2D0C9 /* mini */;
			targetProxy = AB356C482866128D00D2D0C9 /* PBXContainerItemProxy */;
		};
		AB356C532866128D00D2D0C9 /* PBXTargetDependency */ = {
			isa = PBXTargetDependency;
			target = AB356C2D2866128C00D2D0C9 /* mini */;
			targetProxy = AB356C522866128D00D2D0C9 /* PBXContainerItemProxy */;
		};
/* End PBXTargetDependency section */

/* Begin PBXVariantGroup section */
		AB356C372866128C00D2D0C9 /* Main.storyboard */ = {
			isa = PBXVariantGroup;
			children = (
				AB356C382866128C00D2D0C9 /* Base */,
			);
			name = Main.storyboard;
			sourceTree = "<group>";
		};
		AB356C3F2866128D00D2D0C9 /* LaunchScreen.storyboard */ = {
			isa = PBXVariantGroup;
			children = (
				AB356C402866128D00D2D0C9 /* Base */,
			);
			name = LaunchScreen.storyboard;
			sourceTree = "<group>";
		};
/* End PBXVariantGroup section */

/* Begin XCBuildConfiguration section */
		AB356C592866128D00D2D0C9 /* Debug */ = {
			isa = XCBuildConfiguration;
			buildSettings = {
				ALWAYS_SEARCH_USER_PATHS = NO;
				CLANG_ANALYZER_NONNULL = YES;
				CLANG_ANALYZER_NUMBER_OBJECT_CONVERSION = YES_AGGRESSIVE;
				CLANG_CXX_LANGUAGE_STANDARD = "gnu++17";
				CLANG_ENABLE_MODULES = YES;
				CLANG_ENABLE_OBJC_ARC = YES;
				CLANG_ENABLE_OBJC_WEAK = YES;
				CLANG_WARN_BLOCK_CAPTURE_AUTORELEASING = YES;
				CLANG_WARN_BOOL_CONVERSION = YES;
				CLANG_WARN_COMMA = YES;
				CLANG_WARN_CONSTANT_CONVERSION = YES;
				CLANG_WARN_DEPRECATED_OBJC_IMPLEMENTATIONS = YES;
				CLANG_WARN_DIRECT_OBJC_ISA_USAGE = YES_ERROR;
				CLANG_WARN_DOCUMENTATION_COMMENTS = YES;
				CLANG_WARN_EMPTY_BODY = YES;
				CLANG_WARN_ENUM_CONVERSION = YES;
				CLANG_WARN_INFINITE_RECURSION = YES;
				CLANG_WARN_INT_CONVERSION = YES;
				CLANG_WARN_NON_LITERAL_NULL_CONVERSION = YES;
				CLANG_WARN_OBJC_IMPLICIT_RETAIN_SELF = YES;
				CLANG_WARN_OBJC_LITERAL_CONVERSION = YES;
				CLANG_WARN_OBJC_ROOT_CLASS = YES_ERROR;
				CLANG_WARN_QUOTED_INCLUDE_IN_FRAMEWORK_HEADER = YES;
				CLANG_WARN_RANGE_LOOP_ANALYSIS = YES;
				CLANG_WARN_STRICT_PROTOTYPES = YES;
				CLANG_WARN_SUSPICIOUS_MOVE = YES;
				CLANG_WARN_UNGUARDED_AVAILABILITY = YES_AGGRESSIVE;
				CLANG_WARN_UNREACHABLE_CODE = YES;
				CLANG_WARN__DUPLICATE_METHOD_MATCH = YES;
				COPY_PHASE_STRIP = NO;
				DEBUG_INFORMATION_FORMAT = dwarf;
				ENABLE_STRICT_OBJC_MSGSEND = YES;
				ENABLE_TESTABILITY = YES;
				GCC_C_LANGUAGE_STANDARD = gnu11;
				GCC_DYNAMIC_NO_PIC = NO;
				GCC_NO_COMMON_BLOCKS = YES;
				GCC_OPTIMIZATION_LEVEL = 0;
				GCC_PREPROCESSOR_DEFINITIONS = (
					"DEBUG=1",
					"$(inherited)",
				);
				GCC_WARN_64_TO_32_BIT_CONVERSION = YES;
				GCC_WARN_ABOUT_RETURN_TYPE = YES_ERROR;
				GCC_WARN_UNDECLARED_SELECTOR = YES;
				GCC_WARN_UNINITIALIZED_AUTOS = YES_AGGRESSIVE;
				GCC_WARN_UNUSED_FUNCTION = YES;
				GCC_WARN_UNUSED_VARIABLE = YES;
				IPHONEOS_DEPLOYMENT_TARGET = 15.5;
				MTL_ENABLE_DEBUG_INFO = INCLUDE_SOURCE;
				MTL_FAST_MATH = YES;
				ONLY_ACTIVE_ARCH = YES;
				SDKROOT = iphoneos;
				SWIFT_ACTIVE_COMPILATION_CONDITIONS = DEBUG;
				SWIFT_OPTIMIZATION_LEVEL = "-Onone";
			};
			name = Debug;
		};
		AB356C5A2866128D00D2D0C9 /* Release */ = {
			isa = XCBuildConfiguration;
			buildSettings = {
				ALWAYS_SEARCH_USER_PATHS = NO;
				CLANG_ANALYZER_NONNULL = YES;
				CLANG_ANALYZER_NUMBER_OBJECT_CONVERSION = YES_AGGRESSIVE;
				CLANG_CXX_LANGUAGE_STANDARD = "gnu++17";
				CLANG_ENABLE_MODULES = YES;
				CLANG_ENABLE_OBJC_ARC = YES;
				CLANG_ENABLE_OBJC_WEAK = YES;
				CLANG_WARN_BLOCK_CAPTURE_AUTORELEASING = YES;
				CLANG_WARN_BOOL_CONVERSION = YES;
				CLANG_WARN_COMMA = YES;
				CLANG_WARN_CONSTANT_CONVERSION = YES;
				CLANG_WARN_DEPRECATED_OBJC_IMPLEMENTATIONS = YES;
				CLANG_WARN_DIRECT_OBJC_ISA_USAGE = YES_ERROR;
				CLANG_WARN_DOCUMENTATION_COMMENTS = YES;
				CLANG_WARN_EMPTY_BODY = YES;
				CLANG_WARN_ENUM_CONVERSION = YES;
				CLANG_WARN_INFINITE_RECURSION = YES;
				CLANG_WARN_INT_CONVERSION = YES;
				CLANG_WARN_NON_LITERAL_NULL_CONVERSION = YES;
				CLANG_WARN_OBJC_IMPLICIT_RETAIN_SELF = YES;
				CLANG_WARN_OBJC_LITERAL_CONVERSION = YES;
				CLANG_WARN_OBJC_ROOT_CLASS = YES_ERROR;
				CLANG_WARN_QUOTED_INCLUDE_IN_FRAMEWORK_HEADER = YES;
				CLANG_WARN_RANGE_LOOP_ANALYSIS = YES;
				CLANG_WARN_STRICT_PROTOTYPES = YES;
				CLANG_WARN_SUSPICIOUS_MOVE = YES;
				CLANG_WARN_UNGUARDED_AVAILABILITY = YES_AGGRESSIVE;
				CLANG_WARN_UNREACHABLE_CODE = YES;
				CLANG_WARN__DUPLICATE_METHOD_MATCH = YES;
				COPY_PHASE_STRIP = NO;
				DEBUG_INFORMATION_FORMAT = "dwarf-with-dsym";
				ENABLE_NS_ASSERTIONS = NO;
				ENABLE_STRICT_OBJC_MSGSEND = YES;
				GCC_C_LANGUAGE_STANDARD = gnu11;
				GCC_NO_COMMON_BLOCKS = YES;
				GCC_WARN_64_TO_32_BIT_CONVERSION = YES;
				GCC_WARN_ABOUT_RETURN_TYPE = YES_ERROR;
				GCC_WARN_UNDECLARED_SELECTOR = YES;
				GCC_WARN_UNINITIALIZED_AUTOS = YES_AGGRESSIVE;
				GCC_WARN_UNUSED_FUNCTION = YES;
				GCC_WARN_UNUSED_VARIABLE = YES;
				IPHONEOS_DEPLOYMENT_TARGET = 15.5;
				MTL_ENABLE_DEBUG_INFO = NO;
				MTL_FAST_MATH = YES;
				SDKROOT = iphoneos;
				SWIFT_COMPILATION_MODE = wholemodule;
				SWIFT_OPTIMIZATION_LEVEL = "-O";
				VALIDATE_PRODUCT = YES;
			};
			name = Release;
		};
		AB356C5C2866128D00D2D0C9 /* Debug */ = {
			isa = XCBuildConfiguration;
			buildSettings = {
				ASSETCATALOG_COMPILER_APPICON_NAME = AppIcon;
				ASSETCATALOG_COMPILER_GLOBAL_ACCENT_COLOR_NAME = AccentColor;
				CODE_SIGN_STYLE = Automatic;
				CURRENT_PROJECT_VERSION = 1;
				GENERATE_INFOPLIST_FILE = YES;
				INFOPLIST_FILE = mini/Info.plist;
				INFOPLIST_KEY_UIApplicationSupportsIndirectInputEvents = YES;
				INFOPLIST_KEY_UILaunchStoryboardName = LaunchScreen;
				INFOPLIST_KEY_UIMainStoryboardFile = Main;
				INFOPLIST_KEY_UISupportedInterfaceOrientations_iPad = "UIInterfaceOrientationPortrait UIInterfaceOrientationPortraitUpsideDown UIInterfaceOrientationLandscapeLeft UIInterfaceOrientationLandscapeRight";
				INFOPLIST_KEY_UISupportedInterfaceOrientations_iPhone = "UIInterfaceOrientationPortrait UIInterfaceOrientationLandscapeLeft UIInterfaceOrientationLandscapeRight";
				LD_RUNPATH_SEARCH_PATHS = (
					"$(inherited)",
					"@executable_path/Frameworks",
				);
				MARKETING_VERSION = 1.0;
				PRODUCT_BUNDLE_IDENTIFIER = "Kode-with-klossy.mini";
				PRODUCT_NAME = "$(TARGET_NAME)";
				SWIFT_EMIT_LOC_STRINGS = YES;
				SWIFT_VERSION = 5.0;
				TARGETED_DEVICE_FAMILY = "1,2";
			};
			name = Debug;
		};
		AB356C5D2866128D00D2D0C9 /* Release */ = {
			isa = XCBuildConfiguration;
			buildSettings = {
				ASSETCATALOG_COMPILER_APPICON_NAME = AppIcon;
				ASSETCATALOG_COMPILER_GLOBAL_ACCENT_COLOR_NAME = AccentColor;
				CODE_SIGN_STYLE = Automatic;
				CURRENT_PROJECT_VERSION = 1;
				GENERATE_INFOPLIST_FILE = YES;
				INFOPLIST_FILE = mini/Info.plist;
				INFOPLIST_KEY_UIApplicationSupportsIndirectInputEvents = YES;
				INFOPLIST_KEY_UILaunchStoryboardName = LaunchScreen;
				INFOPLIST_KEY_UIMainStoryboardFile = Main;
				INFOPLIST_KEY_UISupportedInterfaceOrientations_iPad = "UIInterfaceOrientationPortrait UIInterfaceOrientationPortraitUpsideDown UIInterfaceOrientationLandscapeLeft UIInterfaceOrientationLandscapeRight";
				INFOPLIST_KEY_UISupportedInterfaceOrientations_iPhone = "UIInterfaceOrientationPortrait UIInterfaceOrientationLandscapeLeft UIInterfaceOrientationLandscapeRight";
				LD_RUNPATH_SEARCH_PATHS = (
					"$(inherited)",
					"@executable_path/Frameworks",
				);
				MARKETING_VERSION = 1.0;
				PRODUCT_BUNDLE_IDENTIFIER = "Kode-with-klossy.mini";
				PRODUCT_NAME = "$(TARGET_NAME)";
				SWIFT_EMIT_LOC_STRINGS = YES;
				SWIFT_VERSION = 5.0;
				TARGETED_DEVICE_FAMILY = "1,2";
			};
			name = Release;
		};
		AB356C5F2866128D00D2D0C9 /* Debug */ = {
			isa = XCBuildConfiguration;
			buildSettings = {
				ALWAYS_EMBED_SWIFT_STANDARD_LIBRARIES = YES;
				BUNDLE_LOADER = "$(TEST_HOST)";
				CODE_SIGN_STYLE = Automatic;
				CURRENT_PROJECT_VERSION = 1;
				GENERATE_INFOPLIST_FILE = YES;
				IPHONEOS_DEPLOYMENT_TARGET = 15.5;
				MARKETING_VERSION = 1.0;
				PRODUCT_BUNDLE_IDENTIFIER = "Kode-with-klossy.miniTests";
				PRODUCT_NAME = "$(TARGET_NAME)";
				SWIFT_EMIT_LOC_STRINGS = NO;
				SWIFT_VERSION = 5.0;
				TARGETED_DEVICE_FAMILY = "1,2";
				TEST_HOST = "$(BUILT_PRODUCTS_DIR)/mini.app/mini";
			};
			name = Debug;
		};
		AB356C602866128D00D2D0C9 /* Release */ = {
			isa = XCBuildConfiguration;
			buildSettings = {
				ALWAYS_EMBED_SWIFT_STANDARD_LIBRARIES = YES;
				BUNDLE_LOADER = "$(TEST_HOST)";
				CODE_SIGN_STYLE = Automatic;
				CURRENT_PROJECT_VERSION = 1;
				GENERATE_INFOPLIST_FILE = YES;
				IPHONEOS_DEPLOYMENT_TARGET = 15.5;
				MARKETING_VERSION = 1.0;
				PRODUCT_BUNDLE_IDENTIFIER = "Kode-with-klossy.miniTests";
				PRODUCT_NAME = "$(TARGET_NAME)";
				SWIFT_EMIT_LOC_STRINGS = NO;
				SWIFT_VERSION = 5.0;
				TARGETED_DEVICE_FAMILY = "1,2";
				TEST_HOST = "$(BUILT_PRODUCTS_DIR)/mini.app/mini";
			};
			name = Release;
		};
		AB356C622866128D00D2D0C9 /* Debug */ = {
			isa = XCBuildConfiguration;
			buildSettings = {
				ALWAYS_EMBED_SWIFT_STANDARD_LIBRARIES = YES;
				CODE_SIGN_STYLE = Automatic;
				CURRENT_PROJECT_VERSION = 1;
				GENERATE_INFOPLIST_FILE = YES;
				MARKETING_VERSION = 1.0;
				PRODUCT_BUNDLE_IDENTIFIER = "Kode-with-klossy.miniUITests";
				PRODUCT_NAME = "$(TARGET_NAME)";
				SWIFT_EMIT_LOC_STRINGS = NO;
				SWIFT_VERSION = 5.0;
				TARGETED_DEVICE_FAMILY = "1,2";
				TEST_TARGET_NAME = mini;
			};
			name = Debug;
		};
		AB356C632866128D00D2D0C9 /* Release */ = {
			isa = XCBuildConfiguration;
			buildSettings = {
				ALWAYS_EMBED_SWIFT_STANDARD_LIBRARIES = YES;
				CODE_SIGN_STYLE = Automatic;
				CURRENT_PROJECT_VERSION = 1;
				GENERATE_INFOPLIST_FILE = YES;
				MARKETING_VERSION = 1.0;
				PRODUCT_BUNDLE_IDENTIFIER = "Kode-with-klossy.miniUITests";
				PRODUCT_NAME = "$(TARGET_NAME)";
				SWIFT_EMIT_LOC_STRINGS = NO;
				SWIFT_VERSION = 5.0;
				TARGETED_DEVICE_FAMILY = "1,2";
				TEST_TARGET_NAME = mini;
			};
			name = Release;
		};
/* End XCBuildConfiguration section */

/* Begin XCConfigurationList section */
		AB356C292866128C00D2D0C9 /* Build configuration list for PBXProject "mini" */ = {
			isa = XCConfigurationList;
			buildConfigurations = (
				AB356C592866128D00D2D0C9 /* Debug */,
				AB356C5A2866128D00D2D0C9 /* Release */,
			);
			defaultConfigurationIsVisible = 0;
			defaultConfigurationName = Release;
		};
		AB356C5B2866128D00D2D0C9 /* Build configuration list for PBXNativeTarget "mini" */ = {
			isa = XCConfigurationList;
			buildConfigurations = (
				AB356C5C2866128D00D2D0C9 /* Debug */,
				AB356C5D2866128D00D2D0C9 /* Release */,
			);
			defaultConfigurationIsVisible = 0;
			defaultConfigurationName = Release;
		};
		AB356C5E2866128D00D2D0C9 /* Build configuration list for PBXNativeTarget "miniTests" */ = {
			isa = XCConfigurationList;
			buildConfigurations = (
				AB356C5F2866128D00D2D0C9 /* Debug */,
				AB356C602866128D00D2D0C9 /* Release */,
			);
			defaultConfigurationIsVisible = 0;
			defaultConfigurationName = Release;
		};
		AB356C612866128D00D2D0C9 /* Build configuration list for PBXNativeTarget "miniUITests" */ = {
			isa = XCConfigurationList;
			buildConfigurations = (
				AB356C622866128D00D2D0C9 /* Debug */,
				AB356C632866128D00D2D0C9 /* Release */,
			);
			defaultConfigurationIsVisible = 0;
			defaultConfigurationName = Release;
		};
/* End XCConfigurationList section */

/* Begin XCVersionGroup section */
		AB356C3A2866128C00D2D0C9 /* mini.xcdatamodeld */ = {
			isa = XCVersionGroup;
			children = (
				AB356C3B2866128C00D2D0C9 /* mini.xcdatamodel */,
			);
			currentVersion = AB356C3B2866128C00D2D0C9 /* mini.xcdatamodel */;
			path = mini.xcdatamodeld;
			sourceTree = "<group>";
			versionGroupType = wrapper.xcdatamodel;
		};
/* End XCVersionGroup section */
	};
	rootObject = AB356C262866128C00D2D0C9 /* Project object */;
}
